// !$*UTF8*$!
{
	archiveVersion = 1;
	classes = {
	};
	objectVersion = 56;
	objects = {

/* Begin PBXBuildFile section */
		B4514F6B2A170F33003C6EA9 /* AppDelegate.swift in Sources */ = {isa = PBXBuildFile; fileRef = B4514F6A2A170F33003C6EA9 /* AppDelegate.swift */; };
		B4514F6D2A170F33003C6EA9 /* SceneDelegate.swift in Sources */ = {isa = PBXBuildFile; fileRef = B4514F6C2A170F33003C6EA9 /* SceneDelegate.swift */; };
		B4514F6F2A170F33003C6EA9 /* ViewController.swift in Sources */ = {isa = PBXBuildFile; fileRef = B4514F6E2A170F33003C6EA9 /* ViewController.swift */; };
		B4514F722A170F33003C6EA9 /* Main.storyboard in Resources */ = {isa = PBXBuildFile; fileRef = B4514F702A170F33003C6EA9 /* Main.storyboard */; };
		B4514F772A170F35003C6EA9 /* Assets.xcassets in Resources */ = {isa = PBXBuildFile; fileRef = B4514F762A170F35003C6EA9 /* Assets.xcassets */; };
		B4514F7A2A170F35003C6EA9 /* LaunchScreen.storyboard in Resources */ = {isa = PBXBuildFile; fileRef = B4514F782A170F35003C6EA9 /* LaunchScreen.storyboard */; };
		B4514F852A1710B4003C6EA9 /* BankModel.swift in Sources */ = {isa = PBXBuildFile; fileRef = B4514F842A1710B4003C6EA9 /* BankModel.swift */; };
		B4514F872A171128003C6EA9 /* ApiClient.swift in Sources */ = {isa = PBXBuildFile; fileRef = B4514F862A171128003C6EA9 /* ApiClient.swift */; };
		B4514F8A2A171781003C6EA9 /* BankTableViewCell.swift in Sources */ = {isa = PBXBuildFile; fileRef = B4514F882A171781003C6EA9 /* BankTableViewCell.swift */; };
		B4514F8E2A172B26003C6EA9 /* BankDataModel.xcdatamodeld in Sources */ = {isa = PBXBuildFile; fileRef = B4514F8C2A172B26003C6EA9 /* BankDataModel.xcdatamodeld */; };
/* End PBXBuildFile section */

/* Begin PBXFileReference section */
		B4514F672A170F33003C6EA9 /* ChallengeYaGanaste.app */ = {isa = PBXFileReference; explicitFileType = wrapper.application; includeInIndex = 0; path = ChallengeYaGanaste.app; sourceTree = BUILT_PRODUCTS_DIR; };
		B4514F6A2A170F33003C6EA9 /* AppDelegate.swift */ = {isa = PBXFileReference; lastKnownFileType = sourcecode.swift; path = AppDelegate.swift; sourceTree = "<group>"; };
		B4514F6C2A170F33003C6EA9 /* SceneDelegate.swift */ = {isa = PBXFileReference; lastKnownFileType = sourcecode.swift; path = SceneDelegate.swift; sourceTree = "<group>"; };
		B4514F6E2A170F33003C6EA9 /* ViewController.swift */ = {isa = PBXFileReference; lastKnownFileType = sourcecode.swift; path = ViewController.swift; sourceTree = "<group>"; };
		B4514F712A170F33003C6EA9 /* Base */ = {isa = PBXFileReference; lastKnownFileType = file.storyboard; name = Base; path = Base.lproj/Main.storyboard; sourceTree = "<group>"; };
		B4514F762A170F35003C6EA9 /* Assets.xcassets */ = {isa = PBXFileReference; lastKnownFileType = folder.assetcatalog; path = Assets.xcassets; sourceTree = "<group>"; };
		B4514F792A170F35003C6EA9 /* Base */ = {isa = PBXFileReference; lastKnownFileType = file.storyboard; name = Base; path = Base.lproj/LaunchScreen.storyboard; sourceTree = "<group>"; };
		B4514F7B2A170F35003C6EA9 /* Info.plist */ = {isa = PBXFileReference; lastKnownFileType = text.plist.xml; path = Info.plist; sourceTree = "<group>"; };
		B4514F842A1710B4003C6EA9 /* BankModel.swift */ = {isa = PBXFileReference; lastKnownFileType = sourcecode.swift; path = BankModel.swift; sourceTree = "<group>"; };
		B4514F862A171128003C6EA9 /* ApiClient.swift */ = {isa = PBXFileReference; lastKnownFileType = sourcecode.swift; path = ApiClient.swift; sourceTree = "<group>"; };
		B4514F882A171781003C6EA9 /* BankTableViewCell.swift */ = {isa = PBXFileReference; lastKnownFileType = sourcecode.swift; path = BankTableViewCell.swift; sourceTree = "<group>"; };
		B4514F8D2A172B26003C6EA9 /* BankModel.xcdatamodel */ = {isa = PBXFileReference; lastKnownFileType = wrapper.xcdatamodel; path = BankModel.xcdatamodel; sourceTree = "<group>"; };
/* End PBXFileReference section */

/* Begin PBXFrameworksBuildPhase section */
		B4514F642A170F33003C6EA9 /* Frameworks */ = {
			isa = PBXFrameworksBuildPhase;
			buildActionMask = 2147483647;
			files = (
			);
			runOnlyForDeploymentPostprocessing = 0;
		};
/* End PBXFrameworksBuildPhase section */

/* Begin PBXGroup section */
		B4514F5E2A170F33003C6EA9 = {
			isa = PBXGroup;
			children = (
				B4514F692A170F33003C6EA9 /* ChallengeYaGanaste */,
				B4514F682A170F33003C6EA9 /* Products */,
			);
			sourceTree = "<group>";
		};
		B4514F682A170F33003C6EA9 /* Products */ = {
			isa = PBXGroup;
			children = (
				B4514F672A170F33003C6EA9 /* ChallengeYaGanaste.app */,
			);
			name = Products;
			sourceTree = "<group>";
		};
		B4514F692A170F33003C6EA9 /* ChallengeYaGanaste */ = {
			isa = PBXGroup;
			children = (
				B4514F812A170FA7003C6EA9 /* Model */,
				B4514F822A170FAD003C6EA9 /* View */,
				B4514F832A170FB3003C6EA9 /* Controller */,
				B4514F6A2A170F33003C6EA9 /* AppDelegate.swift */,
				B4514F6C2A170F33003C6EA9 /* SceneDelegate.swift */,
				B4514F762A170F35003C6EA9 /* Assets.xcassets */,
				B4514F782A170F35003C6EA9 /* LaunchScreen.storyboard */,
				B4514F7B2A170F35003C6EA9 /* Info.plist */,
			);
			path = ChallengeYaGanaste;
			sourceTree = "<group>";
		};
		B4514F812A170FA7003C6EA9 /* Model */ = {
			isa = PBXGroup;
			children = (
				B4514F8F2A172B3B003C6EA9 /* CoreData */,
				B4514F842A1710B4003C6EA9 /* BankModel.swift */,
				B4514F862A171128003C6EA9 /* ApiClient.swift */,
			);
			path = Model;
			sourceTree = "<group>";
		};
		B4514F822A170FAD003C6EA9 /* View */ = {
			isa = PBXGroup;
			children = (
				B4514F702A170F33003C6EA9 /* Main.storyboard */,
				B4514F882A171781003C6EA9 /* BankTableViewCell.swift */,
			);
			path = View;
			sourceTree = "<group>";
		};
		B4514F832A170FB3003C6EA9 /* Controller */ = {
			isa = PBXGroup;
			children = (
				B4514F6E2A170F33003C6EA9 /* ViewController.swift */,
			);
			path = Controller;
			sourceTree = "<group>";
		};
		B4514F8F2A172B3B003C6EA9 /* CoreData */ = {
			isa = PBXGroup;
			children = (
				B4514F8C2A172B26003C6EA9 /* BankDataModel.xcdatamodeld */,
			);
			path = CoreData;
			sourceTree = "<group>";
		};
/* End PBXGroup section */

/* Begin PBXNativeTarget section */
		B4514F662A170F33003C6EA9 /* ChallengeYaGanaste */ = {
			isa = PBXNativeTarget;
			buildConfigurationList = B4514F7E2A170F35003C6EA9 /* Build configuration list for PBXNativeTarget "ChallengeYaGanaste" */;
			buildPhases = (
				B4514F632A170F33003C6EA9 /* Sources */,
				B4514F642A170F33003C6EA9 /* Frameworks */,
				B4514F652A170F33003C6EA9 /* Resources */,
			);
			buildRules = (
			);
			dependencies = (
			);
			name = ChallengeYaGanaste;
			productName = ChallengeYaGanaste;
			productReference = B4514F672A170F33003C6EA9 /* ChallengeYaGanaste.app */;
			productType = "com.apple.product-type.application";
		};
/* End PBXNativeTarget section */

/* Begin PBXProject section */
		B4514F5F2A170F33003C6EA9 /* Project object */ = {
			isa = PBXProject;
			attributes = {
				BuildIndependentTargetsInParallel = 1;
				LastSwiftUpdateCheck = 1430;
				LastUpgradeCheck = 1430;
				TargetAttributes = {
					B4514F662A170F33003C6EA9 = {
						CreatedOnToolsVersion = 14.3;
					};
				};
			};
			buildConfigurationList = B4514F622A170F33003C6EA9 /* Build configuration list for PBXProject "ChallengeYaGanaste" */;
			compatibilityVersion = "Xcode 14.0";
			developmentRegion = en;
			hasScannedForEncodings = 0;
			knownRegions = (
				en,
				Base,
			);
			mainGroup = B4514F5E2A170F33003C6EA9;
			productRefGroup = B4514F682A170F33003C6EA9 /* Products */;
			projectDirPath = "";
			projectRoot = "";
			targets = (
				B4514F662A170F33003C6EA9 /* ChallengeYaGanaste */,
			);
		};
/* End PBXProject section */

/* Begin PBXResourcesBuildPhase section */
		B4514F652A170F33003C6EA9 /* Resources */ = {
			isa = PBXResourcesBuildPhase;
			buildActionMask = 2147483647;
			files = (
				B4514F7A2A170F35003C6EA9 /* LaunchScreen.storyboard in Resources */,
				B4514F772A170F35003C6EA9 /* Assets.xcassets in Resources */,
				B4514F722A170F33003C6EA9 /* Main.storyboard in Resources */,
			);
			runOnlyForDeploymentPostprocessing = 0;
		};
/* End PBXResourcesBuildPhase section */

/* Begin PBXSourcesBuildPhase section */
		B4514F632A170F33003C6EA9 /* Sources */ = {
			isa = PBXSourcesBuildPhase;
			buildActionMask = 2147483647;
			files = (
				B4514F6F2A170F33003C6EA9 /* ViewController.swift in Sources */,
				B4514F852A1710B4003C6EA9 /* BankModel.swift in Sources */,
				B4514F6B2A170F33003C6EA9 /* AppDelegate.swift in Sources */,
				B4514F8E2A172B26003C6EA9 /* BankDataModel.xcdatamodeld in Sources */,
				B4514F6D2A170F33003C6EA9 /* SceneDelegate.swift in Sources */,
				B4514F8A2A171781003C6EA9 /* BankTableViewCell.swift in Sources */,
				B4514F872A171128003C6EA9 /* ApiClient.swift in Sources */,
			);
			runOnlyForDeploymentPostprocessing = 0;
		};
/* End PBXSourcesBuildPhase section */

/* Begin PBXVariantGroup section */
		B4514F702A170F33003C6EA9 /* Main.storyboard */ = {
			isa = PBXVariantGroup;
			children = (
				B4514F712A170F33003C6EA9 /* Base */,
			);
			name = Main.storyboard;
			sourceTree = "<group>";
		};
		B4514F782A170F35003C6EA9 /* LaunchScreen.storyboard */ = {
			isa = PBXVariantGroup;
			children = (
				B4514F792A170F35003C6EA9 /* Base */,
			);
			name = LaunchScreen.storyboard;
			sourceTree = "<group>";
		};
/* End PBXVariantGroup section */

/* Begin XCBuildConfiguration section */
		B4514F7C2A170F35003C6EA9 /* Debug */ = {
			isa = XCBuildConfiguration;
			buildSettings = {
				ALWAYS_SEARCH_USER_PATHS = NO;
				CLANG_ANALYZER_NONNULL = YES;
				CLANG_ANALYZER_NUMBER_OBJECT_CONVERSION = YES_AGGRESSIVE;
				CLANG_CXX_LANGUAGE_STANDARD = "gnu++20";
				CLANG_ENABLE_MODULES = YES;
				CLANG_ENABLE_OBJC_ARC = YES;
				CLANG_ENABLE_OBJC_WEAK = YES;
				CLANG_WARN_BLOCK_CAPTURE_AUTORELEASING = YES;
				CLANG_WARN_BOOL_CONVERSION = YES;
				CLANG_WARN_COMMA = YES;
				CLANG_WARN_CONSTANT_CONVERSION = YES;
				CLANG_WARN_DEPRECATED_OBJC_IMPLEMENTATIONS = YES;
				CLANG_WARN_DIRECT_OBJC_ISA_USAGE = YES_ERROR;
				CLANG_WARN_DOCUMENTATION_COMMENTS = YES;
				CLANG_WARN_EMPTY_BODY = YES;
				CLANG_WARN_ENUM_CONVERSION = YES;
				CLANG_WARN_INFINITE_RECURSION = YES;
				CLANG_WARN_INT_CONVERSION = YES;
				CLANG_WARN_NON_LITERAL_NULL_CONVERSION = YES;
				CLANG_WARN_OBJC_IMPLICIT_RETAIN_SELF = YES;
				CLANG_WARN_OBJC_LITERAL_CONVERSION = YES;
				CLANG_WARN_OBJC_ROOT_CLASS = YES_ERROR;
				CLANG_WARN_QUOTED_INCLUDE_IN_FRAMEWORK_HEADER = YES;
				CLANG_WARN_RANGE_LOOP_ANALYSIS = YES;
				CLANG_WARN_STRICT_PROTOTYPES = YES;
				CLANG_WARN_SUSPICIOUS_MOVE = YES;
				CLANG_WARN_UNGUARDED_AVAILABILITY = YES_AGGRESSIVE;
				CLANG_WARN_UNREACHABLE_CODE = YES;
				CLANG_WARN__DUPLICATE_METHOD_MATCH = YES;
				COPY_PHASE_STRIP = NO;
				DEBUG_INFORMATION_FORMAT = dwarf;
				ENABLE_STRICT_OBJC_MSGSEND = YES;
				ENABLE_TESTABILITY = YES;
				GCC_C_LANGUAGE_STANDARD = gnu11;
				GCC_DYNAMIC_NO_PIC = NO;
				GCC_NO_COMMON_BLOCKS = YES;
				GCC_OPTIMIZATION_LEVEL = 0;
				GCC_PREPROCESSOR_DEFINITIONS = (
					"DEBUG=1",
					"$(inherited)",
				);
				GCC_WARN_64_TO_32_BIT_CONVERSION = YES;
				GCC_WARN_ABOUT_RETURN_TYPE = YES_ERROR;
				GCC_WARN_UNDECLARED_SELECTOR = YES;
				GCC_WARN_UNINITIALIZED_AUTOS = YES_AGGRESSIVE;
				GCC_WARN_UNUSED_FUNCTION = YES;
				GCC_WARN_UNUSED_VARIABLE = YES;
				IPHONEOS_DEPLOYMENT_TARGET = 16.4;
				MTL_ENABLE_DEBUG_INFO = INCLUDE_SOURCE;
				MTL_FAST_MATH = YES;
				ONLY_ACTIVE_ARCH = YES;
				SDKROOT = iphoneos;
				SWIFT_ACTIVE_COMPILATION_CONDITIONS = DEBUG;
				SWIFT_OPTIMIZATION_LEVEL = "-Onone";
			};
			name = Debug;
		};
		B4514F7D2A170F35003C6EA9 /* Release */ = {
			isa = XCBuildConfiguration;
			buildSettings = {
				ALWAYS_SEARCH_USER_PATHS = NO;
				CLANG_ANALYZER_NONNULL = YES;
				CLANG_ANALYZER_NUMBER_OBJECT_CONVERSION = YES_AGGRESSIVE;
				CLANG_CXX_LANGUAGE_STANDARD = "gnu++20";
				CLANG_ENABLE_MODULES = YES;
				CLANG_ENABLE_OBJC_ARC = YES;
				CLANG_ENABLE_OBJC_WEAK = YES;
				CLANG_WARN_BLOCK_CAPTURE_AUTORELEASING = YES;
				CLANG_WARN_BOOL_CONVERSION = YES;
				CLANG_WARN_COMMA = YES;
				CLANG_WARN_CONSTANT_CONVERSION = YES;
				CLANG_WARN_DEPRECATED_OBJC_IMPLEMENTATIONS = YES;
				CLANG_WARN_DIRECT_OBJC_ISA_USAGE = YES_ERROR;
				CLANG_WARN_DOCUMENTATION_COMMENTS = YES;
				CLANG_WARN_EMPTY_BODY = YES;
				CLANG_WARN_ENUM_CONVERSION = YES;
				CLANG_WARN_INFINITE_RECURSION = YES;
				CLANG_WARN_INT_CONVERSION = YES;
				CLANG_WARN_NON_LITERAL_NULL_CONVERSION = YES;
				CLANG_WARN_OBJC_IMPLICIT_RETAIN_SELF = YES;
				CLANG_WARN_OBJC_LITERAL_CONVERSION = YES;
				CLANG_WARN_OBJC_ROOT_CLASS = YES_ERROR;
				CLANG_WARN_QUOTED_INCLUDE_IN_FRAMEWORK_HEADER = YES;
				CLANG_WARN_RANGE_LOOP_ANALYSIS = YES;
				CLANG_WARN_STRICT_PROTOTYPES = YES;
				CLANG_WARN_SUSPICIOUS_MOVE = YES;
				CLANG_WARN_UNGUARDED_AVAILABILITY = YES_AGGRESSIVE;
				CLANG_WARN_UNREACHABLE_CODE = YES;
				CLANG_WARN__DUPLICATE_METHOD_MATCH = YES;
				COPY_PHASE_STRIP = NO;
				DEBUG_INFORMATION_FORMAT = "dwarf-with-dsym";
				ENABLE_NS_ASSERTIONS = NO;
				ENABLE_STRICT_OBJC_MSGSEND = YES;
				GCC_C_LANGUAGE_STANDARD = gnu11;
				GCC_NO_COMMON_BLOCKS = YES;
				GCC_WARN_64_TO_32_BIT_CONVERSION = YES;
				GCC_WARN_ABOUT_RETURN_TYPE = YES_ERROR;
				GCC_WARN_UNDECLARED_SELECTOR = YES;
				GCC_WARN_UNINITIALIZED_AUTOS = YES_AGGRESSIVE;
				GCC_WARN_UNUSED_FUNCTION = YES;
				GCC_WARN_UNUSED_VARIABLE = YES;
				IPHONEOS_DEPLOYMENT_TARGET = 16.4;
				MTL_ENABLE_DEBUG_INFO = NO;
				MTL_FAST_MATH = YES;
				SDKROOT = iphoneos;
				SWIFT_COMPILATION_MODE = wholemodule;
				SWIFT_OPTIMIZATION_LEVEL = "-O";
				VALIDATE_PRODUCT = YES;
			};
			name = Release;
		};
		B4514F7F2A170F35003C6EA9 /* Debug */ = {
			isa = XCBuildConfiguration;
			buildSettings = {
				ASSETCATALOG_COMPILER_APPICON_NAME = AppIcon;
				ASSETCATALOG_COMPILER_GLOBAL_ACCENT_COLOR_NAME = AccentColor;
				CODE_SIGN_STYLE = Automatic;
				CURRENT_PROJECT_VERSION = 1;
				DEVELOPMENT_TEAM = MUT5R5YY74;
				GENERATE_INFOPLIST_FILE = YES;
				INFOPLIST_FILE = ChallengeYaGanaste/Info.plist;
				INFOPLIST_KEY_UIApplicationSupportsIndirectInputEvents = YES;
				INFOPLIST_KEY_UILaunchStoryboardName = LaunchScreen;
				INFOPLIST_KEY_UIMainStoryboardFile = Main;
				INFOPLIST_KEY_UISupportedInterfaceOrientations_iPad = "UIInterfaceOrientationPortrait UIInterfaceOrientationPortraitUpsideDown UIInterfaceOrientationLandscapeLeft UIInterfaceOrientationLandscapeRight";
				INFOPLIST_KEY_UISupportedInterfaceOrientations_iPhone = "UIInterfaceOrientationPortrait UIInterfaceOrientationLandscapeLeft UIInterfaceOrientationLandscapeRight";
				LD_RUNPATH_SEARCH_PATHS = (
					"$(inherited)",
					"@executable_path/Frameworks",
				);
				MARKETING_VERSION = 1.0;
				PRODUCT_BUNDLE_IDENTIFIER = mx.com.max.ChallengeYaGanaste;
				PRODUCT_NAME = "$(TARGET_NAME)";
				SWIFT_EMIT_LOC_STRINGS = YES;
				SWIFT_VERSION = 5.0;
				TARGETED_DEVICE_FAMILY = "1,2";
			};
			name = Debug;
		};
		B4514F802A170F35003C6EA9 /* Release */ = {
			isa = XCBuildConfiguration;
			buildSettings = {
				ASSETCATALOG_COMPILER_APPICON_NAME = AppIcon;
				ASSETCATALOG_COMPILER_GLOBAL_ACCENT_COLOR_NAME = AccentColor;
				CODE_SIGN_STYLE = Automatic;
				CURRENT_PROJECT_VERSION = 1;
				DEVELOPMENT_TEAM = MUT5R5YY74;
				GENERATE_INFOPLIST_FILE = YES;
				INFOPLIST_FILE = ChallengeYaGanaste/Info.plist;
				INFOPLIST_KEY_UIApplicationSupportsIndirectInputEvents = YES;
				INFOPLIST_KEY_UILaunchStoryboardName = LaunchScreen;
				INFOPLIST_KEY_UIMainStoryboardFile = Main;
				INFOPLIST_KEY_UISupportedInterfaceOrientations_iPad = "UIInterfaceOrientationPortrait UIInterfaceOrientationPortraitUpsideDown UIInterfaceOrientationLandscapeLeft UIInterfaceOrientationLandscapeRight";
				INFOPLIST_KEY_UISupportedInterfaceOrientations_iPhone = "UIInterfaceOrientationPortrait UIInterfaceOrientationLandscapeLeft UIInterfaceOrientationLandscapeRight";
				LD_RUNPATH_SEARCH_PATHS = (
					"$(inherited)",
					"@executable_path/Frameworks",
				);
				MARKETING_VERSION = 1.0;
				PRODUCT_BUNDLE_IDENTIFIER = mx.com.max.ChallengeYaGanaste;
				PRODUCT_NAME = "$(TARGET_NAME)";
				SWIFT_EMIT_LOC_STRINGS = YES;
				SWIFT_VERSION = 5.0;
				TARGETED_DEVICE_FAMILY = "1,2";
			};
			name = Release;
		};
/* End XCBuildConfiguration section */

/* Begin XCConfigurationList section */
		B4514F622A170F33003C6EA9 /* Build configuration list for PBXProject "ChallengeYaGanaste" */ = {
			isa = XCConfigurationList;
			buildConfigurations = (
				B4514F7C2A170F35003C6EA9 /* Debug */,
				B4514F7D2A170F35003C6EA9 /* Release */,
			);
			defaultConfigurationIsVisible = 0;
			defaultConfigurationName = Release;
		};
		B4514F7E2A170F35003C6EA9 /* Build configuration list for PBXNativeTarget "ChallengeYaGanaste" */ = {
			isa = XCConfigurationList;
			buildConfigurations = (
				B4514F7F2A170F35003C6EA9 /* Debug */,
				B4514F802A170F35003C6EA9 /* Release */,
			);
			defaultConfigurationIsVisible = 0;
			defaultConfigurationName = Release;
		};
/* End XCConfigurationList section */

/* Begin XCVersionGroup section */
		B4514F8C2A172B26003C6EA9 /* BankDataModel.xcdatamodeld */ = {
			isa = XCVersionGroup;
			children = (
				B4514F8D2A172B26003C6EA9 /* BankModel.xcdatamodel */,
			);
			currentVersion = B4514F8D2A172B26003C6EA9 /* BankModel.xcdatamodel */;
			path = BankDataModel.xcdatamodeld;
			sourceTree = "<group>";
			versionGroupType = wrapper.xcdatamodel;
		};
/* End XCVersionGroup section */
	};
	rootObject = B4514F5F2A170F33003C6EA9 /* Project object */;
}
